<?xml version="1.0" encoding="utf-8"?>
<Project ToolsVersion="4.0" xmlns="http://schemas.microsoft.com/developer/msbuild/2003">
  <ItemGroup>
    <Filter Include="Source Files">
      <UniqueIdentifier>{4FC737F1-C7A5-4376-A066-2A32D752A2FF}</UniqueIdentifier>
      <Extensions>cpp;c;cc;cxx;c++;cppm;ixx;def;odl;idl;hpj;bat;asm;asmx</Extensions>
    </Filter>
    <Filter Include="Header Files">
      <UniqueIdentifier>{93995380-89BD-4b04-88EB-625FBE52EBFB}</UniqueIdentifier>
      <Extensions>h;hh;hpp;hxx;h++;hm;inl;inc;ipp;xsd</Extensions>
    </Filter>
    <Filter Include="Resource Files">
      <UniqueIdentifier>{67DA6AB6-F800-4c08-8B7A-83BB121AAD01}</UniqueIdentifier>
      <Extensions>rc;ico;cur;bmp;dlg;rc2;rct;bin;rgs;gif;jpg;jpeg;jpe;resx;tiff;tif;png;wav;mfcribbon-ms</Extensions>
    </Filter>
  </ItemGroup>
  <ItemGroup>
    <ClCompile Include="MainForm.cpp">
      <Filter>Source Files</Filter>
    </ClCompile>
    <ClCompile Include="EmployeeForm.cpp">
      <Filter>Source Files</Filter>
    </ClCompile>
    <ClCompile Include="CustomerForm.cpp">
      <Filter>Source Files</Filter>
    </ClCompile>
    <ClCompile Include="LoginEmployeesForm.cpp">
      <Filter>Source Files</Filter>
    </ClCompile>
    <ClCompile Include="changepassword.cpp">
      <Filter>Source Files</Filter>
    </ClCompile>
    <ClCompile Include="UpdateTaxForm.cpp">
      <Filter>Source Files</Filter>
    </ClCompile>
    <ClCompile Include="UpdateRegularUnitsPrice.cpp">
      <Filter>Source Files</Filter>
    </ClCompile>
    <ClCompile Include="UpdatePeakPrice.cpp">
      <Filter>Source Files</Filter>
    </ClCompile>
    <ClCompile Include="FixedCharges.cpp">
      <Filter>Source Files</Filter>
    </ClCompile>
    <ClCompile Include="ViewExpiries.cpp">
      <Filter>Source Files</Filter>
    </ClCompile>
    <ClCompile Include="PaidAndUnpaidBills.cpp">
      <Filter>Source Files</Filter>
    </ClCompile>
    <ClCompile Include="ChargeBill.cpp">
      <Filter>Source Files</Filter>
    </ClCompile>
    <ClCompile Include="viewbill.cpp">
      <Filter>Source Files</Filter>
    </ClCompile>
    <ClCompile Include="UpdateExpiries.cpp">
      <Filter>Source Files</Filter>
    </ClCompile>
    <ClCompile Include="paybill.cpp">
      <Filter>Source Files</Filter>
    </ClCompile>
    <ClCompile Include="Admin.cpp">
      <Filter>Source Files</Filter>
    </ClCompile>
    <ClCompile Include="AddCustomer.cpp">
      <Filter>Source Files</Filter>
    </ClCompile>
  </ItemGroup>
  <ItemGroup>
    <ClInclude Include="MainForm.h">
      <Filter>Header Files</Filter>
    </ClInclude>
    <ClInclude Include="EmployeeForm.h">
      <Filter>Header Files</Filter>
    </ClInclude>
    <ClInclude Include="CustomerForm.h">
      <Filter>Header Files</Filter>
    </ClInclude>
    <ClInclude Include="LoginEmployeesForm.h">
      <Filter>Header Files</Filter>
    </ClInclude>
    <ClInclude Include="changepassword.h">
      <Filter>Header Files</Filter>
    </ClInclude>
    <ClInclude Include="UpdateTaxForm.h">
      <Filter>Header Files</Filter>
    </ClInclude>
    <ClInclude Include="UpdateRegularUnitsPrice.h">
      <Filter>Header Files</Filter>
    </ClInclude>
    <ClInclude Include="UpdatePeakPrice.h">
      <Filter>Header Files</Filter>
    </ClInclude>
    <ClInclude Include="FixedCharges.h">
      <Filter>Header Files</Filter>
    </ClInclude>
    <ClInclude Include="ViewExpiries.h">
      <Filter>Header Files</Filter>
    </ClInclude>
    <ClInclude Include="PaidAndUnpaidBills.h">
      <Filter>Header Files</Filter>
    </ClInclude>
    <ClInclude Include="ChargeBill.h">
      <Filter>Header Files</Filter>
    </ClInclude>
    <ClInclude Include="viewbill.h">
      <Filter>Header Files</Filter>
    </ClInclude>
    <ClInclude Include="UpdateExpiries.h">
      <Filter>Header Files</Filter>
    </ClInclude>
    <ClInclude Include="paybill.h">
      <Filter>Header Files</Filter>
    </ClInclude>
    <ClInclude Include="Admin.h">
      <Filter>Header Files</Filter>
    </ClInclude>
    <ClInclude Include="AddCustomer.h">
      <Filter>Header Files</Filter>
    </ClInclude>
  </ItemGroup>
</Project>